
Microsoft Visual Studio Solution File, Format Version 12.00
# Visual Studio Version 17
VisualStudioVersion = 17.13.35919.96
MinimumVisualStudioVersion = 10.0.40219.1
Project("{FAE04EC0-301F-11D3-BF4B-00C04F79EFBC}") = "AnimalObservatory.Application", "AnimalObservatory.Application\AnimalObservatory.Application.csproj", "{F738D9DB-39D2-4A37-9FB5-FABB0A89C010}"
EndProject
Project("{FAE04EC0-301F-11D3-BF4B-00C04F79EFBC}") = "AnimalObservatory.Infrastructure", "AnimalObservatory.Infrastructure\AnimalObservatory.Infrastructure.csproj", "{CFF93760-F341-46F0-9878-9832753F216E}"
EndProject
Project("{FAE04EC0-301F-11D3-BF4B-00C04F79EFBC}") = "AnimalObservatory.Presentation", "AnimalObservatory.Presentation\AnimalObservatory.Presentation.csproj", "{621121DE-0672-4347-A053-2EE78F684010}"
EndProject
Project("{FAE04EC0-301F-11D3-BF4B-00C04F79EFBC}") = "AnimalObservatory.Domain", "AnimalObservatory.Domain\AnimalObservatory.Domain.csproj", "{54800C9E-9270-4887-8DB1-BD77307B080A}"
EndProject
Global
	GlobalSection(SolutionConfigurationPlatforms) = preSolution
		Debug|Any CPU = Debug|Any CPU
		Release|Any CPU = Release|Any CPU
	EndGlobalSection
	GlobalSection(ProjectConfigurationPlatforms) = postSolution
		{F738D9DB-39D2-4A37-9FB5-FABB0A89C010}.Debug|Any CPU.ActiveCfg = Debug|Any CPU
		{F738D9DB-39D2-4A37-9FB5-FABB0A89C010}.Debug|Any CPU.Build.0 = Debug|Any CPU
		{F738D9DB-39D2-4A37-9FB5-FABB0A89C010}.Release|Any CPU.ActiveCfg = Release|Any CPU
		{F738D9DB-39D2-4A37-9FB5-FABB0A89C010}.Release|Any CPU.Build.0 = Release|Any CPU
		{CFF93760-F341-46F0-9878-9832753F216E}.Debug|Any CPU.ActiveCfg = Debug|Any CPU
		{CFF93760-F341-46F0-9878-9832753F216E}.Debug|Any CPU.Build.0 = Debug|Any CPU
		{CFF93760-F341-46F0-9878-9832753F216E}.Release|Any CPU.ActiveCfg = Release|Any CPU
		{CFF93760-F341-46F0-9878-9832753F216E}.Release|Any CPU.Build.0 = Release|Any CPU
		{621121DE-0672-4347-A053-2EE78F684010}.Debug|Any CPU.ActiveCfg = Debug|Any CPU
		{621121DE-0672-4347-A053-2EE78F684010}.Debug|Any CPU.Build.0 = Debug|Any CPU
		{621121DE-0672-4347-A053-2EE78F684010}.Release|Any CPU.ActiveCfg = Release|Any CPU
		{621121DE-0672-4347-A053-2EE78F684010}.Release|Any CPU.Build.0 = Release|Any CPU
		{54800C9E-9270-4887-8DB1-BD77307B080A}.Debug|Any CPU.ActiveCfg = Debug|Any CPU
		{54800C9E-9270-4887-8DB1-BD77307B080A}.Debug|Any CPU.Build.0 = Debug|Any CPU
		{54800C9E-9270-4887-8DB1-BD77307B080A}.Release|Any CPU.ActiveCfg = Release|Any CPU
		{54800C9E-9270-4887-8DB1-BD77307B080A}.Release|Any CPU.Build.0 = Release|Any CPU
	EndGlobalSection
	GlobalSection(SolutionProperties) = preSolution
		HideSolutionNode = FALSE
	EndGlobalSection
	GlobalSection(ExtensibilityGlobals) = postSolution
		SolutionGuid = {2FF9E42A-F604-4CB1-AC9E-190B0049D0DD}
	EndGlobalSection
EndGlobal
